# THIS IS AN AUTOGENERATED FILE. DO NOT EDIT THIS FILE DIRECTLY.
# yarn lockfile v1


playwright-core@1.25.1:
  version "1.25.1"
  resolved "https://registry.yarnpkg.com/playwright-core/-/playwright-core-1.25.1.tgz#abe56aec8bef645fba988320d9f9328fafab0446"
  integrity sha512-lSvPCmA2n7LawD2Hw7gSCLScZ+vYRkhU8xH0AapMyzwN+ojoDqhkH/KIEUxwNu2PjPoE/fcE0wLAksdOhJ2O5g==

playwright@^1.25.1:
  version "1.25.1"
  resolved "https://registry.yarnpkg.com/playwright/-/playwright-1.25.1.tgz#23fe129ca05568a72ee2a3842baa0a1985d1b345"
  integrity sha512-kOlW7mllnQ70ALTwAor73q/FhdH9EEXLUqjdzqioYLcSVC4n4NBfDqeCikGuayFZrLECLkU6Hcbziy/szqTXSA==
  dependencies:
    playwright-core "1.25.1"
